<?xml version="1.0" encoding="utf-8"?>
<Project ToolsVersion="4.0" xmlns="http://schemas.microsoft.com/developer/msbuild/2003">
  <ItemGroup>
    <ClCompile Include="src\MainBuilding.cpp" />
    <ClCompile Include="src\Enemy.cpp" />
    <ClCompile Include="src\Entity.cpp" />
    <ClCompile Include="src\Game.cpp" />
    <ClCompile Include="src\GameWindow.cpp" />
    <ClCompile Include="src\Gui.cpp" />
    <ClCompile Include="src\Menu.cpp" />
    <ClCompile Include="src\Player.cpp" />
    <ClCompile Include="src\Utils\Log.cpp" />
    <ClCompile Include="src\Utils\Pathfinding.cpp" />
    <ClCompile Include="src\Utils\Random.cpp" />
    <ClCompile Include="src\camera.cpp" />
    <ClCompile Include="src\main.cpp" />
    <ClCompile Include="src\Tower.cpp" />
    <ClCompile Include="src\projektil.cpp" />
    <ClCompile Include="src\BuildSystem.cpp" />
    <ClCompile Include="healthbar.cpp" />
  </ItemGroup>
  <ItemGroup>
    <ClInclude Include="src\MainBuilding.h" />
    <ClInclude Include="src\Enemy.h" />
    <ClInclude Include="src\Entity.h" />
    <ClInclude Include="src\Game.h" />
    <ClInclude Include="src\GameWindow.h" />
    <ClInclude Include="src\Gui.h" />
    <ClInclude Include="src\Menu.h" />
    <ClInclude Include="src\Player.h" />
    <ClInclude Include="src\Utils\Log.h" />
    <ClInclude Include="src\Utils\Pathfinding.h" />
    <ClInclude Include="src\Utils\Random.h" />
    <ClInclude Include="src\Utils\Timer.h" />
    <ClInclude Include="src\Utils\Utils.h" />
    <ClInclude Include="src\camera.h" />
    <ClInclude Include="src\EnemyManager.h" />
    <ClInclude Include="src\BuildSystem.h" />
    <ClInclude Include="healthbar.h" />
  </ItemGroup>
  <ItemGroup>
    <ClCompile Include="src\Enemy.cpp" />
    <ClCompile Include="src\Entity.cpp" />
    <ClCompile Include="src\Game.cpp" />
    <ClCompile Include="src\GameWindow.cpp" />
    <ClCompile Include="src\Gui.cpp" />
    <ClCompile Include="src\Menu.cpp" />
    <ClCompile Include="src\Player.cpp" />
    <ClCompile Include="src\Utils\Log.cpp">
      <Filter>Utils</Filter>
    </ClCompile>
    <ClCompile Include="src\Utils\Pathfinding.cpp">
      <Filter>Utils</Filter>
    </ClCompile>
    <ClCompile Include="src\Utils\Random.cpp">
      <Filter>Utils</Filter>
    </ClCompile>
    <ClCompile Include="src\camera.cpp" />
    <ClCompile Include="src\main.cpp" />
    <ClCompile Include="src\EnemyManager.cpp" />
    <ClInclude Include="src\Tower.h" />
    <ClInclude Include="src\projektil.h" />
  </ItemGroup>
</Project>